{
  "name": "cognito-api-lambda",
  "version": "1.0.0",
  "lockfileVersion": 1,
  "requires": true,
  "dependencies": {
    "@aws-cdk/assets": {
      "version": "1.66.0",
      "resolved": "https://registry.npmjs.org/@aws-cdk/assets/-/assets-1.66.0.tgz",
      "integrity": "sha512-oaKTOHReOvQT0qVBSa42kbdVUjKHaohvaKtFrrFxAX4KoFeWebbckRyFdawFLH5Kt0hS5/R1B7BsuRreNMHctg==",
      "requires": {
        "@aws-cdk/core": "1.66.0",
        "@aws-cdk/cx-api": "1.66.0",
        "constructs": "^3.0.4"
      }
    },
    "@aws-cdk/aws-apigateway": {
      "version": "1.66.0",
      "resolved": "https://registry.npmjs.org/@aws-cdk/aws-apigateway/-/aws-apigateway-1.66.0.tgz",
      "integrity": "sha512-15RjBCj4G3XszjREE8DEtJfrTmTWlPvOvaeKB8N5cHbXZAklVS3DPLX8pjMd53W2rnuVVKsDexcxf61IxVpIIA==",
      "requires": {
        "@aws-cdk/assets": "1.66.0",
        "@aws-cdk/aws-certificatemanager": "1.66.0",
        "@aws-cdk/aws-ec2": "1.66.0",
        "@aws-cdk/aws-elasticloadbalancingv2": "1.66.0",
        "@aws-cdk/aws-iam": "1.66.0",
        "@aws-cdk/aws-lambda": "1.66.0",
        "@aws-cdk/aws-logs": "1.66.0",
        "@aws-cdk/aws-s3": "1.66.0",
        "@aws-cdk/aws-s3-assets": "1.66.0",
        "@aws-cdk/core": "1.66.0",
        "@aws-cdk/cx-api": "1.66.0",
        "constructs": "^3.0.4"
      }
    },
    "@aws-cdk/aws-applicationautoscaling": {
      "version": "1.66.0",
      "resolved": "https://registry.npmjs.org/@aws-cdk/aws-applicationautoscaling/-/aws-applicationautoscaling-1.66.0.tgz",
      "integrity": "sha512-TVlBOSr/eCAyShHmDzNI7EWg/wsAGZfS5nWNTQTvZxAbrMaB/gSaj9hTiSdsTTIG4LZWhpy5JIl7V+0shBJGPQ==",
      "requires": {
        "@aws-cdk/aws-autoscaling-common": "1.66.0",
        "@aws-cdk/aws-cloudwatch": "1.66.0",
        "@aws-cdk/aws-iam": "1.66.0",
        "@aws-cdk/core": "1.66.0",
        "constructs": "^3.0.4"
      }
    },
    "@aws-cdk/aws-autoscaling-common": {
      "version": "1.66.0",
      "resolved": "https://registry.npmjs.org/@aws-cdk/aws-autoscaling-common/-/aws-autoscaling-common-1.66.0.tgz",
      "integrity": "sha512-Ms5VcVatbCaS1yrQFlzSHXYHE+HFXzWfvzmihQ+SUPmu32B8y/TADzH4WIC/wktz3HKD6Dui8E2wSuFc4aALqg==",
      "requires": {
        "@aws-cdk/aws-iam": "1.66.0",
        "@aws-cdk/core": "1.66.0",
        "constructs": "^3.0.4"
      }
    },
    "@aws-cdk/aws-certificatemanager": {
      "version": "1.66.0",
      "resolved": "https://registry.npmjs.org/@aws-cdk/aws-certificatemanager/-/aws-certificatemanager-1.66.0.tgz",
      "integrity": "sha512-tJZpiijlCDUkBk5HRlyRd1+DKzXLO5/n+0EXzcWeE8PcDgX/Z27ZehqWNQ0qY80tLcFEBuHPTZ07USFCDXNKGQ==",
      "requires": {
        "@aws-cdk/aws-iam": "1.66.0",
        "@aws-cdk/aws-lambda": "1.66.0",
        "@aws-cdk/aws-route53": "1.66.0",
        "@aws-cdk/core": "1.66.0",
        "constructs": "^3.0.4"
      }
    },
    "@aws-cdk/aws-cloudwatch": {
      "version": "1.66.0",
      "resolved": "https://registry.npmjs.org/@aws-cdk/aws-cloudwatch/-/aws-cloudwatch-1.66.0.tgz",
      "integrity": "sha512-xMBMGJcbaEN1a+mnUDdkYOabM2/iabwEarjUUvt41d/7tk9M3kG5Ywpp2XyRgSo6GHMK5bsG+WabopUPCa5FRg==",
      "requires": {
        "@aws-cdk/aws-iam": "1.66.0",
        "@aws-cdk/core": "1.66.0",
        "constructs": "^3.0.4"
      }
    },
    "@aws-cdk/aws-codeguruprofiler": {
      "version": "1.66.0",
      "resolved": "https://registry.npmjs.org/@aws-cdk/aws-codeguruprofiler/-/aws-codeguruprofiler-1.66.0.tgz",
      "integrity": "sha512-C94xKsrhmeyjZ6Gs4z1mvDR9ygwDMqa9X0X8NEvfqfHhluX6yuDju7RT5teZv29/8qe2z5X6scvmUaiH+Y5OUg==",
      "requires": {
        "@aws-cdk/aws-iam": "1.66.0",
        "@aws-cdk/core": "1.66.0",
        "constructs": "^3.0.4"
      }
    },
    "@aws-cdk/aws-ec2": {
      "version": "1.66.0",
      "resolved": "https://registry.npmjs.org/@aws-cdk/aws-ec2/-/aws-ec2-1.66.0.tgz",
      "integrity": "sha512-12y2E6rO1rmpG2Y6YtXT6r20prg3s4TbXYxKYz2tsBkjVwKv8D8/EhTUXXanwEAtdTMqFoBH0OkaD1y6rhceyA==",
      "requires": {
        "@aws-cdk/aws-cloudwatch": "1.66.0",
        "@aws-cdk/aws-iam": "1.66.0",
        "@aws-cdk/aws-kms": "1.66.0",
        "@aws-cdk/aws-logs": "1.66.0",
        "@aws-cdk/aws-s3": "1.66.0",
        "@aws-cdk/aws-s3-assets": "1.66.0",
        "@aws-cdk/aws-ssm": "1.66.0",
        "@aws-cdk/cloud-assembly-schema": "1.66.0",
        "@aws-cdk/core": "1.66.0",
        "@aws-cdk/cx-api": "1.66.0",
        "@aws-cdk/region-info": "1.66.0",
        "constructs": "^3.0.4"
      }
    },
    "@aws-cdk/aws-efs": {
      "version": "1.66.0",
      "resolved": "https://registry.npmjs.org/@aws-cdk/aws-efs/-/aws-efs-1.66.0.tgz",
      "integrity": "sha512-Yx+8mKJRy/3JUa7sM5i0G0/l0N5W/RzWHpkY4+Lh71iG0mKHgbQaBAr9RBZ2bMouAIdqN37dAc+Wd8wE6PjRjg==",
      "requires": {
        "@aws-cdk/aws-ec2": "1.66.0",
        "@aws-cdk/aws-kms": "1.66.0",
        "@aws-cdk/cloud-assembly-schema": "1.66.0",
        "@aws-cdk/core": "1.66.0",
        "@aws-cdk/cx-api": "1.66.0",
        "constructs": "^3.0.4"
      }
    },
    "@aws-cdk/aws-elasticloadbalancingv2": {
      "version": "1.66.0",
      "resolved": "https://registry.npmjs.org/@aws-cdk/aws-elasticloadbalancingv2/-/aws-elasticloadbalancingv2-1.66.0.tgz",
      "integrity": "sha512-Ognxbp4CvnuZdq2fSAnBtWFKXTedlvLluZbiFUzzhKNOQUwJXg1sKVgP7Ssa+oAIywbB7D4ZNHcJ2FZgQxRZSA==",
      "requires": {
        "@aws-cdk/aws-certificatemanager": "1.66.0",
        "@aws-cdk/aws-cloudwatch": "1.66.0",
        "@aws-cdk/aws-ec2": "1.66.0",
        "@aws-cdk/aws-iam": "1.66.0",
        "@aws-cdk/aws-lambda": "1.66.0",
        "@aws-cdk/aws-s3": "1.66.0",
        "@aws-cdk/core": "1.66.0",
        "@aws-cdk/region-info": "1.66.0",
        "constructs": "^3.0.4"
      }
    },
    "@aws-cdk/aws-events": {
      "version": "1.66.0",
      "resolved": "https://registry.npmjs.org/@aws-cdk/aws-events/-/aws-events-1.66.0.tgz",
      "integrity": "sha512-Ec3hzPO85bk7NMiDDc+W8wFbG1ndw8JNeUugHXVZDMJtdm98vIPfH3w/kpp3kEzSByigXyjd/ou3GvnHOqhDJw==",
      "requires": {
        "@aws-cdk/aws-iam": "1.66.0",
        "@aws-cdk/core": "1.66.0",
        "constructs": "^3.0.4"
      }
    },
    "@aws-cdk/aws-iam": {
      "version": "1.66.0",
      "resolved": "https://registry.npmjs.org/@aws-cdk/aws-iam/-/aws-iam-1.66.0.tgz",
      "integrity": "sha512-rWUQVDgCQ31btE9LnsFnNHkUmZmRBF5COOimX2bItXxNQF2lTSKxThP71E0IGCF0Rl3FkjXLo0yoXnIQGJr08Q==",
      "requires": {
        "@aws-cdk/core": "1.66.0",
        "@aws-cdk/region-info": "1.66.0",
        "constructs": "^3.0.4"
      }
    },
    "@aws-cdk/aws-kms": {
      "version": "1.66.0",
      "resolved": "https://registry.npmjs.org/@aws-cdk/aws-kms/-/aws-kms-1.66.0.tgz",
      "integrity": "sha512-Gfch2aWIfAO0SyCDryQSoyfqlved9+hMCgLoRVhvj9rAZGt5XELULDxRGVxHuU7CV47HeKXgtUbMk58PyuYFtA==",
      "requires": {
        "@aws-cdk/aws-iam": "1.66.0",
        "@aws-cdk/core": "1.66.0",
        "constructs": "^3.0.4"
      }
    },
    "@aws-cdk/aws-lambda": {
      "version": "1.66.0",
      "resolved": "https://registry.npmjs.org/@aws-cdk/aws-lambda/-/aws-lambda-1.66.0.tgz",
      "integrity": "sha512-aw1LnCBHDkDSWgZyVyoeDoSSUQvbhHFKvvxEKrDMQ10Iy39vuUXz4xSAK/XaqOYCiDH7W1ubwEK9iKiMHYbPtA==",
      "requires": {
        "@aws-cdk/aws-applicationautoscaling": "1.66.0",
        "@aws-cdk/aws-cloudwatch": "1.66.0",
        "@aws-cdk/aws-codeguruprofiler": "1.66.0",
        "@aws-cdk/aws-ec2": "1.66.0",
        "@aws-cdk/aws-efs": "1.66.0",
        "@aws-cdk/aws-events": "1.66.0",
        "@aws-cdk/aws-iam": "1.66.0",
        "@aws-cdk/aws-logs": "1.66.0",
        "@aws-cdk/aws-s3": "1.66.0",
        "@aws-cdk/aws-s3-assets": "1.66.0",
        "@aws-cdk/aws-sqs": "1.66.0",
        "@aws-cdk/core": "1.66.0",
        "@aws-cdk/cx-api": "1.66.0",
        "constructs": "^3.0.4"
      }
    },
    "@aws-cdk/aws-logs": {
      "version": "1.66.0",
      "resolved": "https://registry.npmjs.org/@aws-cdk/aws-logs/-/aws-logs-1.66.0.tgz",
      "integrity": "sha512-fUjfDtqyWhdj+0RhBZL9pVTtFH7czxUwfn8eQYTE/453JnGWIA8PpRaQwQfbwLnFf8DPdIjkLfV387mBUlOYAA==",
      "requires": {
        "@aws-cdk/aws-cloudwatch": "1.66.0",
        "@aws-cdk/aws-iam": "1.66.0",
        "@aws-cdk/aws-s3-assets": "1.66.0",
        "@aws-cdk/core": "1.66.0",
        "constructs": "^3.0.4"
      }
    },
    "@aws-cdk/aws-route53": {
      "version": "1.66.0",
      "resolved": "https://registry.npmjs.org/@aws-cdk/aws-route53/-/aws-route53-1.66.0.tgz",
      "integrity": "sha512-S5wkT/GD7FKhwfh6AwbAmTAeXCw/06OWXjTkW4a6OA4uN/9sJsDIekZRVI8uYp9gjS08IzD3PkttQywtLJr68w==",
      "requires": {
        "@aws-cdk/aws-ec2": "1.66.0",
        "@aws-cdk/aws-logs": "1.66.0",
        "@aws-cdk/cloud-assembly-schema": "1.66.0",
        "@aws-cdk/core": "1.66.0",
        "constructs": "^3.0.4"
      }
    },
    "@aws-cdk/aws-s3": {
      "version": "1.66.0",
      "resolved": "https://registry.npmjs.org/@aws-cdk/aws-s3/-/aws-s3-1.66.0.tgz",
      "integrity": "sha512-e/LNaqj/kVaMPMetYTKvTJODH1a3IKQeRsmY1yHDKSxIVyCrxDMAYpARxft5l4uehZ5GbJEJUn/Jcs5zL0jSNQ==",
      "requires": {
        "@aws-cdk/aws-events": "1.66.0",
        "@aws-cdk/aws-iam": "1.66.0",
        "@aws-cdk/aws-kms": "1.66.0",
        "@aws-cdk/core": "1.66.0",
        "constructs": "^3.0.4"
      }
    },
    "@aws-cdk/aws-s3-assets": {
      "version": "1.66.0",
      "resolved": "https://registry.npmjs.org/@aws-cdk/aws-s3-assets/-/aws-s3-assets-1.66.0.tgz",
      "integrity": "sha512-YKKLPNclFGdR1gREIE97uNWVrHlK7xcA+yUUc4IL9EjEXQDpX1lKO3UsxZIgC6obUhLujWJN1wFXvVdEzl2i+w==",
      "requires": {
        "@aws-cdk/assets": "1.66.0",
        "@aws-cdk/aws-iam": "1.66.0",
        "@aws-cdk/aws-kms": "1.66.0",
        "@aws-cdk/aws-s3": "1.66.0",
        "@aws-cdk/core": "1.66.0",
        "@aws-cdk/cx-api": "1.66.0",
        "constructs": "^3.0.4"
      }
    },
    "@aws-cdk/aws-sqs": {
      "version": "1.66.0",
      "resolved": "https://registry.npmjs.org/@aws-cdk/aws-sqs/-/aws-sqs-1.66.0.tgz",
      "integrity": "sha512-glRdZLcKpP+C+6pyiotWA1PAva1Yra0fYrsjO+g/BVzxB4q6WjH5X+kwb7OzRTKs88an8U9YpFwRMxijY2Itxg==",
      "requires": {
        "@aws-cdk/aws-cloudwatch": "1.66.0",
        "@aws-cdk/aws-iam": "1.66.0",
        "@aws-cdk/aws-kms": "1.66.0",
        "@aws-cdk/core": "1.66.0",
        "constructs": "^3.0.4"
      }
    },
    "@aws-cdk/aws-ssm": {
      "version": "1.66.0",
      "resolved": "https://registry.npmjs.org/@aws-cdk/aws-ssm/-/aws-ssm-1.66.0.tgz",
      "integrity": "sha512-5XNuZF46MjsxAl6rz3jwq5GIaO0QwrSYdKNCSnoL/q5LBjqM25kyD0DpSorwlxkPVMLwUllfYIL8jnO/jWFb+Q==",
      "requires": {
        "@aws-cdk/aws-iam": "1.66.0",
        "@aws-cdk/aws-kms": "1.66.0",
        "@aws-cdk/cloud-assembly-schema": "1.66.0",
        "@aws-cdk/core": "1.66.0",
        "constructs": "^3.0.4"
      }
    },
    "@aws-cdk/cloud-assembly-schema": {
      "version": "1.66.0",
      "resolved": "https://registry.npmjs.org/@aws-cdk/cloud-assembly-schema/-/cloud-assembly-schema-1.66.0.tgz",
      "integrity": "sha512-r5Iyy93qAj22OKTSHL1fXJ5axqd+7qMFV6qM1EEy7iW+0yw1rDNP9wMtZGeil4Hbd37xXKAv9KTigD3nmORgMQ==",
      "requires": {
        "jsonschema": "^1.2.7",
        "semver": "^7.3.2"
      },
      "dependencies": {
        "jsonschema": {
          "version": "1.2.7",
          "bundled": true
        },
        "semver": {
          "version": "7.3.2",
          "bundled": true
        }
      }
    },
    "@aws-cdk/core": {
      "version": "1.66.0",
      "resolved": "https://registry.npmjs.org/@aws-cdk/core/-/core-1.66.0.tgz",
      "integrity": "sha512-sGM/Uz4NrH7RaT88P/YJI039fru1rpZPAmtuZ3+x+ciGjCAPwRYdG99xqsaE8OLXjyDL1QokCeeKVs7oRkTVtA==",
      "requires": {
        "@aws-cdk/cloud-assembly-schema": "1.66.0",
        "@aws-cdk/cx-api": "1.66.0",
        "@aws-cdk/region-info": "1.66.0",
        "constructs": "^3.0.4",
        "fs-extra": "^9.0.1",
        "minimatch": "^3.0.4"
      },
      "dependencies": {
        "at-least-node": {
          "version": "1.0.0",
          "bundled": true
        },
        "balanced-match": {
          "version": "1.0.0",
          "bundled": true
        },
        "brace-expansion": {
          "version": "1.1.11",
          "bundled": true,
          "requires": {
            "balanced-match": "^1.0.0",
            "concat-map": "0.0.1"
          }
        },
        "concat-map": {
          "version": "0.0.1",
          "bundled": true
        },
        "fs-extra": {
          "version": "9.0.1",
          "bundled": true,
          "requires": {
            "at-least-node": "^1.0.0",
            "graceful-fs": "^4.2.0",
            "jsonfile": "^6.0.1",
            "universalify": "^1.0.0"
          }
        },
        "graceful-fs": {
          "version": "4.2.4",
          "bundled": true
        },
        "jsonfile": {
          "version": "6.0.1",
          "bundled": true,
          "requires": {
            "graceful-fs": "^4.1.6",
            "universalify": "^1.0.0"
          }
        },
        "minimatch": {
          "version": "3.0.4",
          "bundled": true,
          "requires": {
            "brace-expansion": "^1.1.7"
          }
        },
        "universalify": {
          "version": "1.0.0",
          "bundled": true
        }
      }
    },
    "@aws-cdk/cx-api": {
      "version": "1.66.0",
      "resolved": "https://registry.npmjs.org/@aws-cdk/cx-api/-/cx-api-1.66.0.tgz",
      "integrity": "sha512-uxhoQFReziEOSf9QEBBRQ9rQroNnMY41ZH+gqgQajMKDNPOZVhZg4K3LMNRF8oCexUfzq/u4rZyOk18rb51IJw==",
      "requires": {
        "@aws-cdk/cloud-assembly-schema": "1.66.0",
        "semver": "^7.3.2"
      },
      "dependencies": {
        "semver": {
          "version": "7.3.2",
          "bundled": true
        }
      }
    },
    "@aws-cdk/region-info": {
      "version": "1.66.0",
      "resolved": "https://registry.npmjs.org/@aws-cdk/region-info/-/region-info-1.66.0.tgz",
      "integrity": "sha512-jD+hYu1vYZWDBbuhyF7BJ38/PJKOrCQtd3/pOExrEAgbYPQC4XfAI4iMtXIq06PBPUfMMUDR6jE4yg/KxMEdpA=="
    },
    "@types/node": {
      "version": "10.17.35",
      "resolved": "https://registry.npmjs.org/@types/node/-/node-10.17.35.tgz",
      "integrity": "sha512-gXx7jAWpMddu0f7a+L+txMplp3FnHl53OhQIF9puXKq3hDGY/GjH+MF04oWnV/adPSCrbtHumDCFwzq2VhltWA=="
    },
    "canvas-renderer": {
      "version": "2.2.0",
      "resolved": "https://registry.npmjs.org/canvas-renderer/-/canvas-renderer-2.2.0.tgz",
      "integrity": "sha512-Itdq9pwXcs4IbbkRCXc7reeGBk6i6tlDtZTjE1yc+KvYkx1Mt3WLf6tidZ/Ixbm7Vmi+jpWKG0dRBor67x9yGw==",
      "requires": {
        "@types/node": "*"
      }
    },
    "constructs": {
      "version": "3.0.4",
      "resolved": "https://registry.npmjs.org/constructs/-/constructs-3.0.4.tgz",
      "integrity": "sha512-CDvg7gMjphE3DFX4pzkF6j73NREbR8npPFW8Mx/CLRnMR035+Y1o1HrXIsNSss/dq3ZUnNTU9jKyd3fL9EOlfw=="
    },
    "jdenticon": {
      "version": "3.0.1",
      "resolved": "https://registry.npmjs.org/jdenticon/-/jdenticon-3.0.1.tgz",
      "integrity": "sha512-6Bh9FSmh2NEZsa3gWlcQgWgdIuXudT/Q34N9A/05qUtPyJ34rYZuk2v7AVxR+1FPdgNmy4JpGj1u2wH63sCCrw==",
      "requires": {
        "canvas-renderer": "~2.2.0"
      }
    },
    "typescript": {
      "version": "3.7.5",
      "resolved": "https://registry.npmjs.org/typescript/-/typescript-3.7.5.tgz",
      "integrity": "sha512-/P5lkRXkWHNAbcJIiHPfRoKqyd7bsyCma1hZNUGfn20qm64T6ZBlrzprymeu918H+mB/0rIg2gGK/BXkhhYgBw==",
      "dev": true
    }
  }
}
